
Microsoft Visual Studio Solution File, Format Version 12.00
# Visual Studio Version 17
VisualStudioVersion = 17.4.33110.190
MinimumVisualStudioVersion = 10.0.40219.1
Project("{8BC9CEB8-8B4A-11D0-8D11-00A0C91BC942}") = "Prelab11-OverloadingTheParenthesesOperator", "Prelab11-OverloadingTheParenthesesOperator.vcxproj", "{2CE99626-0B54-4D29-827E-F3B916CCA1A3}"
EndProject
Global
	GlobalSection(SolutionConfigurationPlatforms) = preSolution
		Debug|x64 = Debug|x64
		Debug|x86 = Debug|x86
		Release|x64 = Release|x64
		Release|x86 = Release|x86
	EndGlobalSection
	GlobalSection(ProjectConfigurationPlatforms) = postSolution
		{2CE99626-0B54-4D29-827E-F3B916CCA1A3}.Debug|x64.ActiveCfg = Debug|x64
		{2CE99626-0B54-4D29-827E-F3B916CCA1A3}.Debug|x64.Build.0 = Debug|x64
		{2CE99626-0B54-4D29-827E-F3B916CCA1A3}.Debug|x86.ActiveCfg = Debug|Win32
		{2CE99626-0B54-4D29-827E-F3B916CCA1A3}.Debug|x86.Build.0 = Debug|Win32
		{2CE99626-0B54-4D29-827E-F3B916CCA1A3}.Release|x64.ActiveCfg = Release|x64
		{2CE99626-0B54-4D29-827E-F3B916CCA1A3}.Release|x64.Build.0 = Release|x64
		{2CE99626-0B54-4D29-827E-F3B916CCA1A3}.Release|x86.ActiveCfg = Release|Win32
		{2CE99626-0B54-4D29-827E-F3B916CCA1A3}.Release|x86.Build.0 = Release|Win32
	EndGlobalSection
	GlobalSection(SolutionProperties) = preSolution
		HideSolutionNode = FALSE
	EndGlobalSection
	GlobalSection(ExtensibilityGlobals) = postSolution
		SolutionGuid = {F211831C-6211-4BEA-99D7-21BDE29A7C3E}
	EndGlobalSection
EndGlobal
